
Microsoft Visual Studio Solution File, Format Version 12.00
# Visual Studio 15
VisualStudioVersion = 15.0.27703.2026
MinimumVisualStudioVersion = 10.0.40219.1
Project("{9A19103F-16F7-4668-BE54-9A1E7A4F7556}") = "fx.Domain.core", "fx.Domain.core\fx.Domain.core.csproj", "{EA4476F7-AF96-46E6-8C9B-F8FF47195982}"
EndProject
Project("{2150E333-8FDC-42A3-9474-1A3956D46DE8}") = "Infrastructure", "Infrastructure", "{BCFF1C93-77D2-462C-8EBB-78C5E5192E59}"
EndProject
Project("{2150E333-8FDC-42A3-9474-1A3956D46DE8}") = "miroservices - webapi", "miroservices - webapi", "{ADD3FF90-5765-4754-A298-B0059580F2C6}"
EndProject
Project("{9A19103F-16F7-4668-BE54-9A1E7A4F7556}") = "fx.api.Authentication", "fx.api.Authentication\fx.api.Authentication.csproj", "{03523D2B-5203-4474-BF88-9139534F3D8B}"
EndProject
Project("{9A19103F-16F7-4668-BE54-9A1E7A4F7556}") = "fx.Domain.Customer", "fx.Domian.Customer\fx.Domain.Customer.csproj", "{93050740-477A-4E6D-B52B-F6D326B9C49D}"
EndProject
Project("{9A19103F-16F7-4668-BE54-9A1E7A4F7556}") = "fx.Infra.Data.SqlServer", "fx.Infra.Data.SqlServer\fx.Infra.Data.SqlServer.csproj", "{1F754475-C4FE-47A2-A48A-2BE9D81EA1C8}"
EndProject
Project("{2150E333-8FDC-42A3-9474-1A3956D46DE8}") = "Data", "Data", "{B80F876B-2483-43C9-8C81-EE118F9ABF44}"
EndProject
Project("{FAE04EC0-301F-11D3-BF4B-00C04F79EFBC}") = "fx.Infra.MessageQueue", "fx.Infra.MessageQueue\fx.Infra.MessageQueue.csproj", "{DA83E518-A5A8-49E2-81A7-95FB157DD371}"
EndProject
Project("{2150E333-8FDC-42A3-9474-1A3956D46DE8}") = "Test", "Test", "{4D162BDC-5FE5-4257-8190-84680605023B}"
EndProject
Project("{FAE04EC0-301F-11D3-BF4B-00C04F79EFBC}") = "fx.Test.WinConsole", "fx.Test.Console\fx.Test.WinConsole.csproj", "{1A1C9044-2177-4671-AFAF-49FCA8EF34EA}"
EndProject
Project("{FAE04EC0-301F-11D3-BF4B-00C04F79EFBC}") = "fx.Test.xUnits", "fx.Test.xUnits\fx.Test.xUnits.csproj", "{E91F5721-1C71-47ED-B089-9A0017587ED9}"
EndProject
Global
	GlobalSection(SolutionConfigurationPlatforms) = preSolution
		Debug|Any CPU = Debug|Any CPU
		Release|Any CPU = Release|Any CPU
	EndGlobalSection
	GlobalSection(ProjectConfigurationPlatforms) = postSolution
		{EA4476F7-AF96-46E6-8C9B-F8FF47195982}.Debug|Any CPU.ActiveCfg = Debug|Any CPU
		{EA4476F7-AF96-46E6-8C9B-F8FF47195982}.Debug|Any CPU.Build.0 = Debug|Any CPU
		{EA4476F7-AF96-46E6-8C9B-F8FF47195982}.Release|Any CPU.ActiveCfg = Release|Any CPU
		{EA4476F7-AF96-46E6-8C9B-F8FF47195982}.Release|Any CPU.Build.0 = Release|Any CPU
		{03523D2B-5203-4474-BF88-9139534F3D8B}.Debug|Any CPU.ActiveCfg = Debug|Any CPU
		{03523D2B-5203-4474-BF88-9139534F3D8B}.Debug|Any CPU.Build.0 = Debug|Any CPU
		{03523D2B-5203-4474-BF88-9139534F3D8B}.Release|Any CPU.ActiveCfg = Release|Any CPU
		{03523D2B-5203-4474-BF88-9139534F3D8B}.Release|Any CPU.Build.0 = Release|Any CPU
		{93050740-477A-4E6D-B52B-F6D326B9C49D}.Debug|Any CPU.ActiveCfg = Debug|Any CPU
		{93050740-477A-4E6D-B52B-F6D326B9C49D}.Debug|Any CPU.Build.0 = Debug|Any CPU
		{93050740-477A-4E6D-B52B-F6D326B9C49D}.Release|Any CPU.ActiveCfg = Release|Any CPU
		{93050740-477A-4E6D-B52B-F6D326B9C49D}.Release|Any CPU.Build.0 = Release|Any CPU
		{1F754475-C4FE-47A2-A48A-2BE9D81EA1C8}.Debug|Any CPU.ActiveCfg = Debug|Any CPU
		{1F754475-C4FE-47A2-A48A-2BE9D81EA1C8}.Debug|Any CPU.Build.0 = Debug|Any CPU
		{1F754475-C4FE-47A2-A48A-2BE9D81EA1C8}.Release|Any CPU.ActiveCfg = Release|Any CPU
		{1F754475-C4FE-47A2-A48A-2BE9D81EA1C8}.Release|Any CPU.Build.0 = Release|Any CPU
		{DA83E518-A5A8-49E2-81A7-95FB157DD371}.Debug|Any CPU.ActiveCfg = Debug|Any CPU
		{DA83E518-A5A8-49E2-81A7-95FB157DD371}.Debug|Any CPU.Build.0 = Debug|Any CPU
		{DA83E518-A5A8-49E2-81A7-95FB157DD371}.Release|Any CPU.ActiveCfg = Release|Any CPU
		{DA83E518-A5A8-49E2-81A7-95FB157DD371}.Release|Any CPU.Build.0 = Release|Any CPU
		{1A1C9044-2177-4671-AFAF-49FCA8EF34EA}.Debug|Any CPU.ActiveCfg = Debug|Any CPU
		{1A1C9044-2177-4671-AFAF-49FCA8EF34EA}.Debug|Any CPU.Build.0 = Debug|Any CPU
		{1A1C9044-2177-4671-AFAF-49FCA8EF34EA}.Release|Any CPU.ActiveCfg = Release|Any CPU
		{1A1C9044-2177-4671-AFAF-49FCA8EF34EA}.Release|Any CPU.Build.0 = Release|Any CPU
		{E91F5721-1C71-47ED-B089-9A0017587ED9}.Debug|Any CPU.ActiveCfg = Debug|Any CPU
		{E91F5721-1C71-47ED-B089-9A0017587ED9}.Debug|Any CPU.Build.0 = Debug|Any CPU
		{E91F5721-1C71-47ED-B089-9A0017587ED9}.Release|Any CPU.ActiveCfg = Release|Any CPU
		{E91F5721-1C71-47ED-B089-9A0017587ED9}.Release|Any CPU.Build.0 = Release|Any CPU
	EndGlobalSection
	GlobalSection(SolutionProperties) = preSolution
		HideSolutionNode = FALSE
	EndGlobalSection
	GlobalSection(NestedProjects) = preSolution
		{EA4476F7-AF96-46E6-8C9B-F8FF47195982} = {BCFF1C93-77D2-462C-8EBB-78C5E5192E59}
		{03523D2B-5203-4474-BF88-9139534F3D8B} = {ADD3FF90-5765-4754-A298-B0059580F2C6}
		{93050740-477A-4E6D-B52B-F6D326B9C49D} = {BCFF1C93-77D2-462C-8EBB-78C5E5192E59}
		{1F754475-C4FE-47A2-A48A-2BE9D81EA1C8} = {BCFF1C93-77D2-462C-8EBB-78C5E5192E59}
		{DA83E518-A5A8-49E2-81A7-95FB157DD371} = {BCFF1C93-77D2-462C-8EBB-78C5E5192E59}
		{1A1C9044-2177-4671-AFAF-49FCA8EF34EA} = {4D162BDC-5FE5-4257-8190-84680605023B}
		{E91F5721-1C71-47ED-B089-9A0017587ED9} = {4D162BDC-5FE5-4257-8190-84680605023B}
	EndGlobalSection
	GlobalSection(ExtensibilityGlobals) = postSolution
		SolutionGuid = {EF7B9E10-6609-4FED-A5AB-AB3BC5517713}
	EndGlobalSection
EndGlobal
