
Microsoft Visual Studio Solution File, Format Version 12.00
# Visual Studio 15
VisualStudioVersion = 15.0.27703.2026
MinimumVisualStudioVersion = 10.0.40219.1
Project("{9A19103F-16F7-4668-BE54-9A1E7A4F7556}") = "fx.Domain.core", "fx.Domain.core\fx.Domain.core.csproj", "{EA4476F7-AF96-46E6-8C9B-F8FF47195982}"
EndProject
Project("{2150E333-8FDC-42A3-9474-1A3956D46DE8}") = "Infrastructure", "Infrastructure", "{BCFF1C93-77D2-462C-8EBB-78C5E5192E59}"
EndProject
Project("{2150E333-8FDC-42A3-9474-1A3956D46DE8}") = "Services - webapi", "Services - webapi", "{ADD3FF90-5765-4754-A298-B0059580F2C6}"
EndProject
Project("{9A19103F-16F7-4668-BE54-9A1E7A4F7556}") = "fx.Domain.CustomerContext", "fx.Domian.Customer\fx.Domain.CustomerContext.csproj", "{93050740-477A-4E6D-B52B-F6D326B9C49D}"
EndProject
Project("{9A19103F-16F7-4668-BE54-9A1E7A4F7556}") = "fx.Infra.Data.SqlServer", "fx.Infra.Data.SqlServer\fx.Infra.Data.SqlServer.csproj", "{1F754475-C4FE-47A2-A48A-2BE9D81EA1C8}"
EndProject
Project("{2150E333-8FDC-42A3-9474-1A3956D46DE8}") = "uTest", "uTest", "{4D162BDC-5FE5-4257-8190-84680605023B}"
EndProject
Project("{9A19103F-16F7-4668-BE54-9A1E7A4F7556}") = "fx.Infra.MessageQueue.RabbitMQ", "fx.Infra.MessageQueue\fx.Infra.MessageQueue.RabbitMQ.csproj", "{A6924186-98FE-4703-9E6E-90F380EDFD7C}"
EndProject
Project("{9A19103F-16F7-4668-BE54-9A1E7A4F7556}") = "fx.Domain.Bus", "fx.Domain.Bus\fx.Domain.Bus.csproj", "{F4D799D1-67B4-465A-8DF5-B680C2780005}"
EndProject
Project("{2150E333-8FDC-42A3-9474-1A3956D46DE8}") = "Bound Context", "Bound Context", "{6B03E131-9807-4DAD-ADB8-2493A0E102E6}"
EndProject
Project("{9A19103F-16F7-4668-BE54-9A1E7A4F7556}") = "fx.Infra.MemoryCache.Redis", "fx.Infra.Data.Redis\fx.Infra.MemoryCache.Redis.csproj", "{1B8412B1-EA44-4250-941F-69342512832D}"
EndProject
Project("{9A19103F-16F7-4668-BE54-9A1E7A4F7556}") = "fx.Infra.Utility", "fx.Infra.Utility\fx.Infra.Utility.csproj", "{A580B38B-9E08-49B8-9D82-247EFD171D48}"
EndProject
Project("{9A19103F-16F7-4668-BE54-9A1E7A4F7556}") = "fx.Infra.MemoryCache", "fx.Infra.MemoryCache\fx.Infra.MemoryCache.csproj", "{F33C9C35-5559-4250-B69A-6510AE583BB4}"
EndProject
Project("{9A19103F-16F7-4668-BE54-9A1E7A4F7556}") = "fx.Product.WebApi", "fx.Product.WebApi\fx.Product.WebApi.csproj", "{A45C139E-7765-4418-966B-C76C57A6C8D8}"
EndProject
Project("{9A19103F-16F7-4668-BE54-9A1E7A4F7556}") = "fx.Order.WebApi", "fx.Order.WebApi\fx.Order.WebApi.csproj", "{A554D9C8-5128-4CA0-AA67-298B20E869F4}"
EndProject
Project("{9A19103F-16F7-4668-BE54-9A1E7A4F7556}") = "fx.Domain.OrderContext", "fx.Domain.OrderContext\fx.Domain.OrderContext.csproj", "{92A204A4-CF21-478C-BB8F-71260CCF545F}"
EndProject
Project("{9A19103F-16F7-4668-BE54-9A1E7A4F7556}") = "fx.Domain.ProductContext", "fx.Domain.ProductContext\fx.Domain.ProductContext.csproj", "{95EDC075-BF8C-4B96-85DB-E389BDB8CA11}"
EndProject
Project("{9A19103F-16F7-4668-BE54-9A1E7A4F7556}") = "fx.ApiGateway", "fx.ApiGateway\fx.ApiGateway.csproj", "{B0CB4DD0-738A-4051-9A41-03F4D2966941}"
EndProject
Project("{9A19103F-16F7-4668-BE54-9A1E7A4F7556}") = "fx.Payment.WebApi", "fx.Payment.WebApi\fx.Payment.WebApi.csproj", "{CE2F5058-FE9B-47FC-AC31-F1B9390146B1}"
EndProject
Project("{9A19103F-16F7-4668-BE54-9A1E7A4F7556}") = "fx.IdentityService", "fx.IdentityServer\fx.IdentityService.csproj", "{3585C123-C08E-4DF9-913B-2361B6C2998F}"
EndProject
Project("{9A19103F-16F7-4668-BE54-9A1E7A4F7556}") = "fx.Domain.CustomerContext.QueryStack", "fx.Domain.Customer.QueryStack\fx.Domain.CustomerContext.QueryStack.csproj", "{888A210C-2C07-4CEF-B2EA-F759C38E9B04}"
EndProject
Project("{2150E333-8FDC-42A3-9474-1A3956D46DE8}") = "Application", "Application", "{304F5685-6D37-4438-9228-A3A826CF0E80}"
EndProject
Project("{9A19103F-16F7-4668-BE54-9A1E7A4F7556}") = "fx.Application.Customer", "fx.Application.Customer\fx.Application.Customer.csproj", "{DB7BE785-F1D1-44CD-8EAC-4A2FFCFB6381}"
EndProject
Project("{9A19103F-16F7-4668-BE54-9A1E7A4F7556}") = "CustomerTestProj", "CustomerTestProj\CustomerTestProj.csproj", "{26691439-4733-47AE-8BC6-1E10CF59D660}"
EndProject
Project("{2150E333-8FDC-42A3-9474-1A3956D46DE8}") = "Security", "Security", "{53689F29-E3C0-4831-BE0C-A5673547F711}"
EndProject
Project("{2150E333-8FDC-42A3-9474-1A3956D46DE8}") = "www", "www", "{B10C7212-D33A-4DD2-8380-EDB81A5DAD3A}"
EndProject
Project("{9A19103F-16F7-4668-BE54-9A1E7A4F7556}") = "Website", "Website\Website.csproj", "{E48FB467-7EC4-462D-B402-C5AA40708FA9}"
EndProject
Project("{2150E333-8FDC-42A3-9474-1A3956D46DE8}") = "Gateway", "Gateway", "{C59CB61B-4FC9-457D-91A5-4EEDFC12BCF2}"
EndProject
Project("{2150E333-8FDC-42A3-9474-1A3956D46DE8}") = "Business", "Business", "{4998A4C8-7620-4CC5-A308-FF84BE87F2AD}"
EndProject
Project("{9A19103F-16F7-4668-BE54-9A1E7A4F7556}") = "fx.Domain.Payment.CommandStatck", "fx.Domain.Payment.CommandStatck\fx.Domain.Payment.CommandStatck.csproj", "{A1D5229D-5474-4994-B27F-E29AD157FC47}"
EndProject
Project("{9A19103F-16F7-4668-BE54-9A1E7A4F7556}") = "fx.BackMng.Base.WebApi", "fx.BackMng.Base.WebApi\fx.BackMng.Base.WebApi.csproj", "{3F9FEF01-747B-4DFE-AA3B-AE67B87F867F}"
EndProject
Project("{2150E333-8FDC-42A3-9474-1A3956D46DE8}") = "BackMng", "BackMng", "{5C94B0CA-40DF-45B9-BB71-B78B60BC643C}"
EndProject
Project("{9A19103F-16F7-4668-BE54-9A1E7A4F7556}") = "fx.Application.Order", "fx.Application.Order\fx.Application.Order.csproj", "{AEB63270-A077-48D5-84B2-CD3C28B8DCAE}"
EndProject
Project("{9A19103F-16F7-4668-BE54-9A1E7A4F7556}") = "fx.Infra.Data.MongoDb", "fx.Infra.Data.MongDb\fx.Infra.Data.MongoDb.csproj", "{14A5F41B-ABBB-48F9-AF0F-50523E7E6998}"
EndProject
Project("{9A19103F-16F7-4668-BE54-9A1E7A4F7556}") = "fx.Infra.Data.Dapper", "fx.Infra.Data.Dapper\fx.Infra.Data.Dapper.csproj", "{9C4E50FD-7905-464F-82C6-7DFE5F7440FF}"
EndProject
Project("{2150E333-8FDC-42A3-9474-1A3956D46DE8}") = "Order", "Order", "{5054F0BD-FEF5-4BC0-A29D-6FC471272698}"
EndProject
Project("{9A19103F-16F7-4668-BE54-9A1E7A4F7556}") = "fx.Domain.OrderContext.QueryStack", "fx.Domain.OrderContext.QueryStack\fx.Domain.OrderContext.QueryStack.csproj", "{29F8D655-F7F3-46BA-AC9F-1489822E5E0D}"
EndProject
Project("{2150E333-8FDC-42A3-9474-1A3956D46DE8}") = "Customer", "Customer", "{D33EE566-4A82-4665-986F-B2415F012BEB}"
EndProject
Project("{2150E333-8FDC-42A3-9474-1A3956D46DE8}") = "Payment", "Payment", "{4E1359F4-F0C6-45EF-BE4D-72E33C44F818}"
EndProject
Project("{2150E333-8FDC-42A3-9474-1A3956D46DE8}") = "Product", "Product", "{37B2D050-37C4-4366-8C9F-AA0568578E3B}"
EndProject
Project("{FAE04EC0-301F-11D3-BF4B-00C04F79EFBC}") = "fx.Application.Product", "fx.Application.Product\fx.Application.Product.csproj", "{DAC88749-E13A-42B5-BD1F-A7002DD993BF}"
EndProject
Global
	GlobalSection(SolutionConfigurationPlatforms) = preSolution
		Debug|Any CPU = Debug|Any CPU
		Release|Any CPU = Release|Any CPU
	EndGlobalSection
	GlobalSection(ProjectConfigurationPlatforms) = postSolution
		{EA4476F7-AF96-46E6-8C9B-F8FF47195982}.Debug|Any CPU.ActiveCfg = Debug|Any CPU
		{EA4476F7-AF96-46E6-8C9B-F8FF47195982}.Debug|Any CPU.Build.0 = Debug|Any CPU
		{EA4476F7-AF96-46E6-8C9B-F8FF47195982}.Release|Any CPU.ActiveCfg = Release|Any CPU
		{EA4476F7-AF96-46E6-8C9B-F8FF47195982}.Release|Any CPU.Build.0 = Release|Any CPU
		{93050740-477A-4E6D-B52B-F6D326B9C49D}.Debug|Any CPU.ActiveCfg = Debug|Any CPU
		{93050740-477A-4E6D-B52B-F6D326B9C49D}.Debug|Any CPU.Build.0 = Debug|Any CPU
		{93050740-477A-4E6D-B52B-F6D326B9C49D}.Release|Any CPU.ActiveCfg = Release|Any CPU
		{93050740-477A-4E6D-B52B-F6D326B9C49D}.Release|Any CPU.Build.0 = Release|Any CPU
		{1F754475-C4FE-47A2-A48A-2BE9D81EA1C8}.Debug|Any CPU.ActiveCfg = Debug|Any CPU
		{1F754475-C4FE-47A2-A48A-2BE9D81EA1C8}.Debug|Any CPU.Build.0 = Debug|Any CPU
		{1F754475-C4FE-47A2-A48A-2BE9D81EA1C8}.Release|Any CPU.ActiveCfg = Release|Any CPU
		{1F754475-C4FE-47A2-A48A-2BE9D81EA1C8}.Release|Any CPU.Build.0 = Release|Any CPU
		{A6924186-98FE-4703-9E6E-90F380EDFD7C}.Debug|Any CPU.ActiveCfg = Debug|Any CPU
		{A6924186-98FE-4703-9E6E-90F380EDFD7C}.Debug|Any CPU.Build.0 = Debug|Any CPU
		{A6924186-98FE-4703-9E6E-90F380EDFD7C}.Release|Any CPU.ActiveCfg = Release|Any CPU
		{A6924186-98FE-4703-9E6E-90F380EDFD7C}.Release|Any CPU.Build.0 = Release|Any CPU
		{F4D799D1-67B4-465A-8DF5-B680C2780005}.Debug|Any CPU.ActiveCfg = Debug|Any CPU
		{F4D799D1-67B4-465A-8DF5-B680C2780005}.Debug|Any CPU.Build.0 = Debug|Any CPU
		{F4D799D1-67B4-465A-8DF5-B680C2780005}.Release|Any CPU.ActiveCfg = Release|Any CPU
		{F4D799D1-67B4-465A-8DF5-B680C2780005}.Release|Any CPU.Build.0 = Release|Any CPU
		{1B8412B1-EA44-4250-941F-69342512832D}.Debug|Any CPU.ActiveCfg = Debug|Any CPU
		{1B8412B1-EA44-4250-941F-69342512832D}.Debug|Any CPU.Build.0 = Debug|Any CPU
		{1B8412B1-EA44-4250-941F-69342512832D}.Release|Any CPU.ActiveCfg = Release|Any CPU
		{1B8412B1-EA44-4250-941F-69342512832D}.Release|Any CPU.Build.0 = Release|Any CPU
		{A580B38B-9E08-49B8-9D82-247EFD171D48}.Debug|Any CPU.ActiveCfg = Debug|Any CPU
		{A580B38B-9E08-49B8-9D82-247EFD171D48}.Debug|Any CPU.Build.0 = Debug|Any CPU
		{A580B38B-9E08-49B8-9D82-247EFD171D48}.Release|Any CPU.ActiveCfg = Release|Any CPU
		{A580B38B-9E08-49B8-9D82-247EFD171D48}.Release|Any CPU.Build.0 = Release|Any CPU
		{F33C9C35-5559-4250-B69A-6510AE583BB4}.Debug|Any CPU.ActiveCfg = Debug|Any CPU
		{F33C9C35-5559-4250-B69A-6510AE583BB4}.Debug|Any CPU.Build.0 = Debug|Any CPU
		{F33C9C35-5559-4250-B69A-6510AE583BB4}.Release|Any CPU.ActiveCfg = Release|Any CPU
		{F33C9C35-5559-4250-B69A-6510AE583BB4}.Release|Any CPU.Build.0 = Release|Any CPU
		{A45C139E-7765-4418-966B-C76C57A6C8D8}.Debug|Any CPU.ActiveCfg = Debug|Any CPU
		{A45C139E-7765-4418-966B-C76C57A6C8D8}.Debug|Any CPU.Build.0 = Debug|Any CPU
		{A45C139E-7765-4418-966B-C76C57A6C8D8}.Release|Any CPU.ActiveCfg = Release|Any CPU
		{A45C139E-7765-4418-966B-C76C57A6C8D8}.Release|Any CPU.Build.0 = Release|Any CPU
		{A554D9C8-5128-4CA0-AA67-298B20E869F4}.Debug|Any CPU.ActiveCfg = Debug|Any CPU
		{A554D9C8-5128-4CA0-AA67-298B20E869F4}.Debug|Any CPU.Build.0 = Debug|Any CPU
		{A554D9C8-5128-4CA0-AA67-298B20E869F4}.Release|Any CPU.ActiveCfg = Release|Any CPU
		{A554D9C8-5128-4CA0-AA67-298B20E869F4}.Release|Any CPU.Build.0 = Release|Any CPU
		{92A204A4-CF21-478C-BB8F-71260CCF545F}.Debug|Any CPU.ActiveCfg = Debug|Any CPU
		{92A204A4-CF21-478C-BB8F-71260CCF545F}.Debug|Any CPU.Build.0 = Debug|Any CPU
		{92A204A4-CF21-478C-BB8F-71260CCF545F}.Release|Any CPU.ActiveCfg = Release|Any CPU
		{92A204A4-CF21-478C-BB8F-71260CCF545F}.Release|Any CPU.Build.0 = Release|Any CPU
		{95EDC075-BF8C-4B96-85DB-E389BDB8CA11}.Debug|Any CPU.ActiveCfg = Debug|Any CPU
		{95EDC075-BF8C-4B96-85DB-E389BDB8CA11}.Debug|Any CPU.Build.0 = Debug|Any CPU
		{95EDC075-BF8C-4B96-85DB-E389BDB8CA11}.Release|Any CPU.ActiveCfg = Release|Any CPU
		{95EDC075-BF8C-4B96-85DB-E389BDB8CA11}.Release|Any CPU.Build.0 = Release|Any CPU
		{B0CB4DD0-738A-4051-9A41-03F4D2966941}.Debug|Any CPU.ActiveCfg = Debug|Any CPU
		{B0CB4DD0-738A-4051-9A41-03F4D2966941}.Debug|Any CPU.Build.0 = Debug|Any CPU
		{B0CB4DD0-738A-4051-9A41-03F4D2966941}.Release|Any CPU.ActiveCfg = Release|Any CPU
		{B0CB4DD0-738A-4051-9A41-03F4D2966941}.Release|Any CPU.Build.0 = Release|Any CPU
		{CE2F5058-FE9B-47FC-AC31-F1B9390146B1}.Debug|Any CPU.ActiveCfg = Debug|Any CPU
		{CE2F5058-FE9B-47FC-AC31-F1B9390146B1}.Debug|Any CPU.Build.0 = Debug|Any CPU
		{CE2F5058-FE9B-47FC-AC31-F1B9390146B1}.Release|Any CPU.ActiveCfg = Release|Any CPU
		{CE2F5058-FE9B-47FC-AC31-F1B9390146B1}.Release|Any CPU.Build.0 = Release|Any CPU
		{3585C123-C08E-4DF9-913B-2361B6C2998F}.Debug|Any CPU.ActiveCfg = Debug|Any CPU
		{3585C123-C08E-4DF9-913B-2361B6C2998F}.Debug|Any CPU.Build.0 = Debug|Any CPU
		{3585C123-C08E-4DF9-913B-2361B6C2998F}.Release|Any CPU.ActiveCfg = Release|Any CPU
		{3585C123-C08E-4DF9-913B-2361B6C2998F}.Release|Any CPU.Build.0 = Release|Any CPU
		{888A210C-2C07-4CEF-B2EA-F759C38E9B04}.Debug|Any CPU.ActiveCfg = Debug|Any CPU
		{888A210C-2C07-4CEF-B2EA-F759C38E9B04}.Debug|Any CPU.Build.0 = Debug|Any CPU
		{888A210C-2C07-4CEF-B2EA-F759C38E9B04}.Release|Any CPU.ActiveCfg = Release|Any CPU
		{888A210C-2C07-4CEF-B2EA-F759C38E9B04}.Release|Any CPU.Build.0 = Release|Any CPU
		{DB7BE785-F1D1-44CD-8EAC-4A2FFCFB6381}.Debug|Any CPU.ActiveCfg = Debug|Any CPU
		{DB7BE785-F1D1-44CD-8EAC-4A2FFCFB6381}.Debug|Any CPU.Build.0 = Debug|Any CPU
		{DB7BE785-F1D1-44CD-8EAC-4A2FFCFB6381}.Release|Any CPU.ActiveCfg = Release|Any CPU
		{DB7BE785-F1D1-44CD-8EAC-4A2FFCFB6381}.Release|Any CPU.Build.0 = Release|Any CPU
		{26691439-4733-47AE-8BC6-1E10CF59D660}.Debug|Any CPU.ActiveCfg = Debug|Any CPU
		{26691439-4733-47AE-8BC6-1E10CF59D660}.Debug|Any CPU.Build.0 = Debug|Any CPU
		{26691439-4733-47AE-8BC6-1E10CF59D660}.Release|Any CPU.ActiveCfg = Release|Any CPU
		{26691439-4733-47AE-8BC6-1E10CF59D660}.Release|Any CPU.Build.0 = Release|Any CPU
		{E48FB467-7EC4-462D-B402-C5AA40708FA9}.Debug|Any CPU.ActiveCfg = Debug|Any CPU
		{E48FB467-7EC4-462D-B402-C5AA40708FA9}.Debug|Any CPU.Build.0 = Debug|Any CPU
		{E48FB467-7EC4-462D-B402-C5AA40708FA9}.Release|Any CPU.ActiveCfg = Release|Any CPU
		{E48FB467-7EC4-462D-B402-C5AA40708FA9}.Release|Any CPU.Build.0 = Release|Any CPU
		{A1D5229D-5474-4994-B27F-E29AD157FC47}.Debug|Any CPU.ActiveCfg = Debug|Any CPU
		{A1D5229D-5474-4994-B27F-E29AD157FC47}.Debug|Any CPU.Build.0 = Debug|Any CPU
		{A1D5229D-5474-4994-B27F-E29AD157FC47}.Release|Any CPU.ActiveCfg = Release|Any CPU
		{A1D5229D-5474-4994-B27F-E29AD157FC47}.Release|Any CPU.Build.0 = Release|Any CPU
		{3F9FEF01-747B-4DFE-AA3B-AE67B87F867F}.Debug|Any CPU.ActiveCfg = Debug|Any CPU
		{3F9FEF01-747B-4DFE-AA3B-AE67B87F867F}.Debug|Any CPU.Build.0 = Debug|Any CPU
		{3F9FEF01-747B-4DFE-AA3B-AE67B87F867F}.Release|Any CPU.ActiveCfg = Release|Any CPU
		{3F9FEF01-747B-4DFE-AA3B-AE67B87F867F}.Release|Any CPU.Build.0 = Release|Any CPU
		{AEB63270-A077-48D5-84B2-CD3C28B8DCAE}.Debug|Any CPU.ActiveCfg = Debug|Any CPU
		{AEB63270-A077-48D5-84B2-CD3C28B8DCAE}.Debug|Any CPU.Build.0 = Debug|Any CPU
		{AEB63270-A077-48D5-84B2-CD3C28B8DCAE}.Release|Any CPU.ActiveCfg = Release|Any CPU
		{AEB63270-A077-48D5-84B2-CD3C28B8DCAE}.Release|Any CPU.Build.0 = Release|Any CPU
		{14A5F41B-ABBB-48F9-AF0F-50523E7E6998}.Debug|Any CPU.ActiveCfg = Debug|Any CPU
		{14A5F41B-ABBB-48F9-AF0F-50523E7E6998}.Debug|Any CPU.Build.0 = Debug|Any CPU
		{14A5F41B-ABBB-48F9-AF0F-50523E7E6998}.Release|Any CPU.ActiveCfg = Release|Any CPU
		{14A5F41B-ABBB-48F9-AF0F-50523E7E6998}.Release|Any CPU.Build.0 = Release|Any CPU
		{9C4E50FD-7905-464F-82C6-7DFE5F7440FF}.Debug|Any CPU.ActiveCfg = Debug|Any CPU
		{9C4E50FD-7905-464F-82C6-7DFE5F7440FF}.Debug|Any CPU.Build.0 = Debug|Any CPU
		{9C4E50FD-7905-464F-82C6-7DFE5F7440FF}.Release|Any CPU.ActiveCfg = Release|Any CPU
		{9C4E50FD-7905-464F-82C6-7DFE5F7440FF}.Release|Any CPU.Build.0 = Release|Any CPU
		{29F8D655-F7F3-46BA-AC9F-1489822E5E0D}.Debug|Any CPU.ActiveCfg = Debug|Any CPU
		{29F8D655-F7F3-46BA-AC9F-1489822E5E0D}.Debug|Any CPU.Build.0 = Debug|Any CPU
		{29F8D655-F7F3-46BA-AC9F-1489822E5E0D}.Release|Any CPU.ActiveCfg = Release|Any CPU
		{29F8D655-F7F3-46BA-AC9F-1489822E5E0D}.Release|Any CPU.Build.0 = Release|Any CPU
		{DAC88749-E13A-42B5-BD1F-A7002DD993BF}.Debug|Any CPU.ActiveCfg = Debug|Any CPU
		{DAC88749-E13A-42B5-BD1F-A7002DD993BF}.Debug|Any CPU.Build.0 = Debug|Any CPU
		{DAC88749-E13A-42B5-BD1F-A7002DD993BF}.Release|Any CPU.ActiveCfg = Release|Any CPU
		{DAC88749-E13A-42B5-BD1F-A7002DD993BF}.Release|Any CPU.Build.0 = Release|Any CPU
	EndGlobalSection
	GlobalSection(SolutionProperties) = preSolution
		HideSolutionNode = FALSE
	EndGlobalSection
	GlobalSection(NestedProjects) = preSolution
		{EA4476F7-AF96-46E6-8C9B-F8FF47195982} = {BCFF1C93-77D2-462C-8EBB-78C5E5192E59}
		{93050740-477A-4E6D-B52B-F6D326B9C49D} = {D33EE566-4A82-4665-986F-B2415F012BEB}
		{1F754475-C4FE-47A2-A48A-2BE9D81EA1C8} = {BCFF1C93-77D2-462C-8EBB-78C5E5192E59}
		{A6924186-98FE-4703-9E6E-90F380EDFD7C} = {BCFF1C93-77D2-462C-8EBB-78C5E5192E59}
		{F4D799D1-67B4-465A-8DF5-B680C2780005} = {BCFF1C93-77D2-462C-8EBB-78C5E5192E59}
		{1B8412B1-EA44-4250-941F-69342512832D} = {BCFF1C93-77D2-462C-8EBB-78C5E5192E59}
		{A580B38B-9E08-49B8-9D82-247EFD171D48} = {BCFF1C93-77D2-462C-8EBB-78C5E5192E59}
		{F33C9C35-5559-4250-B69A-6510AE583BB4} = {BCFF1C93-77D2-462C-8EBB-78C5E5192E59}
		{A45C139E-7765-4418-966B-C76C57A6C8D8} = {4998A4C8-7620-4CC5-A308-FF84BE87F2AD}
		{A554D9C8-5128-4CA0-AA67-298B20E869F4} = {4998A4C8-7620-4CC5-A308-FF84BE87F2AD}
		{92A204A4-CF21-478C-BB8F-71260CCF545F} = {5054F0BD-FEF5-4BC0-A29D-6FC471272698}
		{95EDC075-BF8C-4B96-85DB-E389BDB8CA11} = {37B2D050-37C4-4366-8C9F-AA0568578E3B}
		{B0CB4DD0-738A-4051-9A41-03F4D2966941} = {C59CB61B-4FC9-457D-91A5-4EEDFC12BCF2}
		{CE2F5058-FE9B-47FC-AC31-F1B9390146B1} = {4998A4C8-7620-4CC5-A308-FF84BE87F2AD}
		{3585C123-C08E-4DF9-913B-2361B6C2998F} = {53689F29-E3C0-4831-BE0C-A5673547F711}
		{888A210C-2C07-4CEF-B2EA-F759C38E9B04} = {D33EE566-4A82-4665-986F-B2415F012BEB}
		{DB7BE785-F1D1-44CD-8EAC-4A2FFCFB6381} = {304F5685-6D37-4438-9228-A3A826CF0E80}
		{26691439-4733-47AE-8BC6-1E10CF59D660} = {4D162BDC-5FE5-4257-8190-84680605023B}
		{53689F29-E3C0-4831-BE0C-A5673547F711} = {ADD3FF90-5765-4754-A298-B0059580F2C6}
		{E48FB467-7EC4-462D-B402-C5AA40708FA9} = {B10C7212-D33A-4DD2-8380-EDB81A5DAD3A}
		{C59CB61B-4FC9-457D-91A5-4EEDFC12BCF2} = {ADD3FF90-5765-4754-A298-B0059580F2C6}
		{4998A4C8-7620-4CC5-A308-FF84BE87F2AD} = {ADD3FF90-5765-4754-A298-B0059580F2C6}
		{A1D5229D-5474-4994-B27F-E29AD157FC47} = {4E1359F4-F0C6-45EF-BE4D-72E33C44F818}
		{3F9FEF01-747B-4DFE-AA3B-AE67B87F867F} = {5C94B0CA-40DF-45B9-BB71-B78B60BC643C}
		{5C94B0CA-40DF-45B9-BB71-B78B60BC643C} = {ADD3FF90-5765-4754-A298-B0059580F2C6}
		{AEB63270-A077-48D5-84B2-CD3C28B8DCAE} = {304F5685-6D37-4438-9228-A3A826CF0E80}
		{14A5F41B-ABBB-48F9-AF0F-50523E7E6998} = {BCFF1C93-77D2-462C-8EBB-78C5E5192E59}
		{9C4E50FD-7905-464F-82C6-7DFE5F7440FF} = {BCFF1C93-77D2-462C-8EBB-78C5E5192E59}
		{5054F0BD-FEF5-4BC0-A29D-6FC471272698} = {6B03E131-9807-4DAD-ADB8-2493A0E102E6}
		{29F8D655-F7F3-46BA-AC9F-1489822E5E0D} = {5054F0BD-FEF5-4BC0-A29D-6FC471272698}
		{D33EE566-4A82-4665-986F-B2415F012BEB} = {6B03E131-9807-4DAD-ADB8-2493A0E102E6}
		{4E1359F4-F0C6-45EF-BE4D-72E33C44F818} = {6B03E131-9807-4DAD-ADB8-2493A0E102E6}
		{37B2D050-37C4-4366-8C9F-AA0568578E3B} = {6B03E131-9807-4DAD-ADB8-2493A0E102E6}
		{DAC88749-E13A-42B5-BD1F-A7002DD993BF} = {304F5685-6D37-4438-9228-A3A826CF0E80}
	EndGlobalSection
	GlobalSection(ExtensibilityGlobals) = postSolution
		SolutionGuid = {EF7B9E10-6609-4FED-A5AB-AB3BC5517713}
	EndGlobalSection
EndGlobal
