
Microsoft Visual Studio Solution File, Format Version 12.00
# Visual Studio 15
VisualStudioVersion = 15.0.27703.2026
MinimumVisualStudioVersion = 10.0.40219.1
Project("{9A19103F-16F7-4668-BE54-9A1E7A4F7556}") = "fx.Domain.core", "fx.Domain.core\fx.Domain.core.csproj", "{EA4476F7-AF96-46E6-8C9B-F8FF47195982}"
EndProject
Project("{2150E333-8FDC-42A3-9474-1A3956D46DE8}") = "Infrastructure", "Infrastructure", "{BCFF1C93-77D2-462C-8EBB-78C5E5192E59}"
EndProject
Project("{2150E333-8FDC-42A3-9474-1A3956D46DE8}") = "Services - webapi", "Services - webapi", "{ADD3FF90-5765-4754-A298-B0059580F2C6}"
EndProject
Project("{9A19103F-16F7-4668-BE54-9A1E7A4F7556}") = "fx.Domain.Customer", "fx.Domian.Customer\fx.Domain.Customer.csproj", "{93050740-477A-4E6D-B52B-F6D326B9C49D}"
EndProject
Project("{9A19103F-16F7-4668-BE54-9A1E7A4F7556}") = "fx.Infra.Data.SqlServer", "fx.Infra.Data.SqlServer\fx.Infra.Data.SqlServer.csproj", "{1F754475-C4FE-47A2-A48A-2BE9D81EA1C8}"
EndProject
Project("{2150E333-8FDC-42A3-9474-1A3956D46DE8}") = "Test", "Test", "{4D162BDC-5FE5-4257-8190-84680605023B}"
EndProject
Project("{9A19103F-16F7-4668-BE54-9A1E7A4F7556}") = "fx.Test.WinConsole", "fx.Test.Console\fx.Test.WinConsole.csproj", "{1A1C9044-2177-4671-AFAF-49FCA8EF34EA}"
EndProject
Project("{9A19103F-16F7-4668-BE54-9A1E7A4F7556}") = "fx.Test.xUnits", "fx.Test.xUnits\fx.Test.xUnits.csproj", "{E91F5721-1C71-47ED-B089-9A0017587ED9}"
EndProject
Project("{9A19103F-16F7-4668-BE54-9A1E7A4F7556}") = "fx.Infra.MessageQueue.RabbitMQ", "fx.Infra.MessageQueue\fx.Infra.MessageQueue.RabbitMQ.csproj", "{A6924186-98FE-4703-9E6E-90F380EDFD7C}"
EndProject
Project("{9A19103F-16F7-4668-BE54-9A1E7A4F7556}") = "fx.Domain.Bus", "fx.Domain.Bus\fx.Domain.Bus.csproj", "{F4D799D1-67B4-465A-8DF5-B680C2780005}"
EndProject
Project("{9A19103F-16F7-4668-BE54-9A1E7A4F7556}") = "fx.Authentation.WebApi", "fx.Authentation.WebApi\fx.Authentation.WebApi.csproj", "{55694C0A-0BB9-4BAD-BCF7-B9D4E060979B}"
EndProject
Project("{2150E333-8FDC-42A3-9474-1A3956D46DE8}") = "Bound Context", "Bound Context", "{6B03E131-9807-4DAD-ADB8-2493A0E102E6}"
EndProject
Project("{9A19103F-16F7-4668-BE54-9A1E7A4F7556}") = "fx.Infra.MemoryCache.Redis", "fx.Infra.Data.Redis\fx.Infra.MemoryCache.Redis.csproj", "{1B8412B1-EA44-4250-941F-69342512832D}"
EndProject
Project("{9A19103F-16F7-4668-BE54-9A1E7A4F7556}") = "fx.Infra.Utility", "fx.Infra.Utility\fx.Infra.Utility.csproj", "{A580B38B-9E08-49B8-9D82-247EFD171D48}"
EndProject
Project("{9A19103F-16F7-4668-BE54-9A1E7A4F7556}") = "fx.Infra.MemoryCache", "fx.Infra.MemoryCache\fx.Infra.MemoryCache.csproj", "{F33C9C35-5559-4250-B69A-6510AE583BB4}"
EndProject
Project("{2150E333-8FDC-42A3-9474-1A3956D46DE8}") = "Cache", "Cache", "{80B59E83-5937-442C-B633-DF1EE2A64F7D}"
EndProject
Project("{9A19103F-16F7-4668-BE54-9A1E7A4F7556}") = "fx.Product.WebApi", "fx.Product.WebApi\fx.Product.WebApi.csproj", "{A45C139E-7765-4418-966B-C76C57A6C8D8}"
EndProject
Project("{9A19103F-16F7-4668-BE54-9A1E7A4F7556}") = "fx.Order.WebApi", "fx.Order.WebApi\fx.Order.WebApi.csproj", "{A554D9C8-5128-4CA0-AA67-298B20E869F4}"
EndProject
Project("{9A19103F-16F7-4668-BE54-9A1E7A4F7556}") = "fx.Domain.OrderContext", "fx.Domain.OrderContext\fx.Domain.OrderContext.csproj", "{92A204A4-CF21-478C-BB8F-71260CCF545F}"
EndProject
Project("{9A19103F-16F7-4668-BE54-9A1E7A4F7556}") = "fx.Domain.ProductContext", "fx.Domain.ProductContext\fx.Domain.ProductContext.csproj", "{95EDC075-BF8C-4B96-85DB-E389BDB8CA11}"
EndProject
Project("{9A19103F-16F7-4668-BE54-9A1E7A4F7556}") = "fx.ApiGateway", "fx.ApiGateway\fx.ApiGateway.csproj", "{B0CB4DD0-738A-4051-9A41-03F4D2966941}"
EndProject
Project("{9A19103F-16F7-4668-BE54-9A1E7A4F7556}") = "fx.Payment.WebApi", "fx.Payment.WebApi\fx.Payment.WebApi.csproj", "{CE2F5058-FE9B-47FC-AC31-F1B9390146B1}"
EndProject
Project("{9A19103F-16F7-4668-BE54-9A1E7A4F7556}") = "fx.Auth", "fx.Auth\fx.Auth.csproj", "{5D27FDA5-5A99-4AF1-840F-FF8663F607D5}"
EndProject
Project("{FAE04EC0-301F-11D3-BF4B-00C04F79EFBC}") = "fx.IdentityService", "fx.IdentityServer\fx.IdentityService.csproj", "{3585C123-C08E-4DF9-913B-2361B6C2998F}"
EndProject
Global
	GlobalSection(SolutionConfigurationPlatforms) = preSolution
		Debug|Any CPU = Debug|Any CPU
		Release|Any CPU = Release|Any CPU
	EndGlobalSection
	GlobalSection(ProjectConfigurationPlatforms) = postSolution
		{EA4476F7-AF96-46E6-8C9B-F8FF47195982}.Debug|Any CPU.ActiveCfg = Debug|Any CPU
		{EA4476F7-AF96-46E6-8C9B-F8FF47195982}.Debug|Any CPU.Build.0 = Debug|Any CPU
		{EA4476F7-AF96-46E6-8C9B-F8FF47195982}.Release|Any CPU.ActiveCfg = Release|Any CPU
		{EA4476F7-AF96-46E6-8C9B-F8FF47195982}.Release|Any CPU.Build.0 = Release|Any CPU
		{93050740-477A-4E6D-B52B-F6D326B9C49D}.Debug|Any CPU.ActiveCfg = Debug|Any CPU
		{93050740-477A-4E6D-B52B-F6D326B9C49D}.Debug|Any CPU.Build.0 = Debug|Any CPU
		{93050740-477A-4E6D-B52B-F6D326B9C49D}.Release|Any CPU.ActiveCfg = Release|Any CPU
		{93050740-477A-4E6D-B52B-F6D326B9C49D}.Release|Any CPU.Build.0 = Release|Any CPU
		{1F754475-C4FE-47A2-A48A-2BE9D81EA1C8}.Debug|Any CPU.ActiveCfg = Debug|Any CPU
		{1F754475-C4FE-47A2-A48A-2BE9D81EA1C8}.Debug|Any CPU.Build.0 = Debug|Any CPU
		{1F754475-C4FE-47A2-A48A-2BE9D81EA1C8}.Release|Any CPU.ActiveCfg = Release|Any CPU
		{1F754475-C4FE-47A2-A48A-2BE9D81EA1C8}.Release|Any CPU.Build.0 = Release|Any CPU
		{1A1C9044-2177-4671-AFAF-49FCA8EF34EA}.Debug|Any CPU.ActiveCfg = Debug|Any CPU
		{1A1C9044-2177-4671-AFAF-49FCA8EF34EA}.Debug|Any CPU.Build.0 = Debug|Any CPU
		{1A1C9044-2177-4671-AFAF-49FCA8EF34EA}.Release|Any CPU.ActiveCfg = Release|Any CPU
		{1A1C9044-2177-4671-AFAF-49FCA8EF34EA}.Release|Any CPU.Build.0 = Release|Any CPU
		{E91F5721-1C71-47ED-B089-9A0017587ED9}.Debug|Any CPU.ActiveCfg = Debug|Any CPU
		{E91F5721-1C71-47ED-B089-9A0017587ED9}.Debug|Any CPU.Build.0 = Debug|Any CPU
		{E91F5721-1C71-47ED-B089-9A0017587ED9}.Release|Any CPU.ActiveCfg = Release|Any CPU
		{E91F5721-1C71-47ED-B089-9A0017587ED9}.Release|Any CPU.Build.0 = Release|Any CPU
		{A6924186-98FE-4703-9E6E-90F380EDFD7C}.Debug|Any CPU.ActiveCfg = Debug|Any CPU
		{A6924186-98FE-4703-9E6E-90F380EDFD7C}.Debug|Any CPU.Build.0 = Debug|Any CPU
		{A6924186-98FE-4703-9E6E-90F380EDFD7C}.Release|Any CPU.ActiveCfg = Release|Any CPU
		{A6924186-98FE-4703-9E6E-90F380EDFD7C}.Release|Any CPU.Build.0 = Release|Any CPU
		{F4D799D1-67B4-465A-8DF5-B680C2780005}.Debug|Any CPU.ActiveCfg = Debug|Any CPU
		{F4D799D1-67B4-465A-8DF5-B680C2780005}.Debug|Any CPU.Build.0 = Debug|Any CPU
		{F4D799D1-67B4-465A-8DF5-B680C2780005}.Release|Any CPU.ActiveCfg = Release|Any CPU
		{F4D799D1-67B4-465A-8DF5-B680C2780005}.Release|Any CPU.Build.0 = Release|Any CPU
		{55694C0A-0BB9-4BAD-BCF7-B9D4E060979B}.Debug|Any CPU.ActiveCfg = Debug|Any CPU
		{55694C0A-0BB9-4BAD-BCF7-B9D4E060979B}.Debug|Any CPU.Build.0 = Debug|Any CPU
		{55694C0A-0BB9-4BAD-BCF7-B9D4E060979B}.Release|Any CPU.ActiveCfg = Release|Any CPU
		{55694C0A-0BB9-4BAD-BCF7-B9D4E060979B}.Release|Any CPU.Build.0 = Release|Any CPU
		{1B8412B1-EA44-4250-941F-69342512832D}.Debug|Any CPU.ActiveCfg = Debug|Any CPU
		{1B8412B1-EA44-4250-941F-69342512832D}.Debug|Any CPU.Build.0 = Debug|Any CPU
		{1B8412B1-EA44-4250-941F-69342512832D}.Release|Any CPU.ActiveCfg = Release|Any CPU
		{1B8412B1-EA44-4250-941F-69342512832D}.Release|Any CPU.Build.0 = Release|Any CPU
		{A580B38B-9E08-49B8-9D82-247EFD171D48}.Debug|Any CPU.ActiveCfg = Debug|Any CPU
		{A580B38B-9E08-49B8-9D82-247EFD171D48}.Debug|Any CPU.Build.0 = Debug|Any CPU
		{A580B38B-9E08-49B8-9D82-247EFD171D48}.Release|Any CPU.ActiveCfg = Release|Any CPU
		{A580B38B-9E08-49B8-9D82-247EFD171D48}.Release|Any CPU.Build.0 = Release|Any CPU
		{F33C9C35-5559-4250-B69A-6510AE583BB4}.Debug|Any CPU.ActiveCfg = Debug|Any CPU
		{F33C9C35-5559-4250-B69A-6510AE583BB4}.Debug|Any CPU.Build.0 = Debug|Any CPU
		{F33C9C35-5559-4250-B69A-6510AE583BB4}.Release|Any CPU.ActiveCfg = Release|Any CPU
		{F33C9C35-5559-4250-B69A-6510AE583BB4}.Release|Any CPU.Build.0 = Release|Any CPU
		{A45C139E-7765-4418-966B-C76C57A6C8D8}.Debug|Any CPU.ActiveCfg = Debug|Any CPU
		{A45C139E-7765-4418-966B-C76C57A6C8D8}.Debug|Any CPU.Build.0 = Debug|Any CPU
		{A45C139E-7765-4418-966B-C76C57A6C8D8}.Release|Any CPU.ActiveCfg = Release|Any CPU
		{A45C139E-7765-4418-966B-C76C57A6C8D8}.Release|Any CPU.Build.0 = Release|Any CPU
		{A554D9C8-5128-4CA0-AA67-298B20E869F4}.Debug|Any CPU.ActiveCfg = Debug|Any CPU
		{A554D9C8-5128-4CA0-AA67-298B20E869F4}.Debug|Any CPU.Build.0 = Debug|Any CPU
		{A554D9C8-5128-4CA0-AA67-298B20E869F4}.Release|Any CPU.ActiveCfg = Release|Any CPU
		{A554D9C8-5128-4CA0-AA67-298B20E869F4}.Release|Any CPU.Build.0 = Release|Any CPU
		{92A204A4-CF21-478C-BB8F-71260CCF545F}.Debug|Any CPU.ActiveCfg = Debug|Any CPU
		{92A204A4-CF21-478C-BB8F-71260CCF545F}.Debug|Any CPU.Build.0 = Debug|Any CPU
		{92A204A4-CF21-478C-BB8F-71260CCF545F}.Release|Any CPU.ActiveCfg = Release|Any CPU
		{92A204A4-CF21-478C-BB8F-71260CCF545F}.Release|Any CPU.Build.0 = Release|Any CPU
		{95EDC075-BF8C-4B96-85DB-E389BDB8CA11}.Debug|Any CPU.ActiveCfg = Debug|Any CPU
		{95EDC075-BF8C-4B96-85DB-E389BDB8CA11}.Debug|Any CPU.Build.0 = Debug|Any CPU
		{95EDC075-BF8C-4B96-85DB-E389BDB8CA11}.Release|Any CPU.ActiveCfg = Release|Any CPU
		{95EDC075-BF8C-4B96-85DB-E389BDB8CA11}.Release|Any CPU.Build.0 = Release|Any CPU
		{B0CB4DD0-738A-4051-9A41-03F4D2966941}.Debug|Any CPU.ActiveCfg = Debug|Any CPU
		{B0CB4DD0-738A-4051-9A41-03F4D2966941}.Debug|Any CPU.Build.0 = Debug|Any CPU
		{B0CB4DD0-738A-4051-9A41-03F4D2966941}.Release|Any CPU.ActiveCfg = Release|Any CPU
		{B0CB4DD0-738A-4051-9A41-03F4D2966941}.Release|Any CPU.Build.0 = Release|Any CPU
		{CE2F5058-FE9B-47FC-AC31-F1B9390146B1}.Debug|Any CPU.ActiveCfg = Debug|Any CPU
		{CE2F5058-FE9B-47FC-AC31-F1B9390146B1}.Debug|Any CPU.Build.0 = Debug|Any CPU
		{CE2F5058-FE9B-47FC-AC31-F1B9390146B1}.Release|Any CPU.ActiveCfg = Release|Any CPU
		{CE2F5058-FE9B-47FC-AC31-F1B9390146B1}.Release|Any CPU.Build.0 = Release|Any CPU
		{5D27FDA5-5A99-4AF1-840F-FF8663F607D5}.Debug|Any CPU.ActiveCfg = Debug|Any CPU
		{5D27FDA5-5A99-4AF1-840F-FF8663F607D5}.Debug|Any CPU.Build.0 = Debug|Any CPU
		{5D27FDA5-5A99-4AF1-840F-FF8663F607D5}.Release|Any CPU.ActiveCfg = Release|Any CPU
		{5D27FDA5-5A99-4AF1-840F-FF8663F607D5}.Release|Any CPU.Build.0 = Release|Any CPU
		{3585C123-C08E-4DF9-913B-2361B6C2998F}.Debug|Any CPU.ActiveCfg = Debug|Any CPU
		{3585C123-C08E-4DF9-913B-2361B6C2998F}.Debug|Any CPU.Build.0 = Debug|Any CPU
		{3585C123-C08E-4DF9-913B-2361B6C2998F}.Release|Any CPU.ActiveCfg = Release|Any CPU
		{3585C123-C08E-4DF9-913B-2361B6C2998F}.Release|Any CPU.Build.0 = Release|Any CPU
	EndGlobalSection
	GlobalSection(SolutionProperties) = preSolution
		HideSolutionNode = FALSE
	EndGlobalSection
	GlobalSection(NestedProjects) = preSolution
		{EA4476F7-AF96-46E6-8C9B-F8FF47195982} = {BCFF1C93-77D2-462C-8EBB-78C5E5192E59}
		{93050740-477A-4E6D-B52B-F6D326B9C49D} = {6B03E131-9807-4DAD-ADB8-2493A0E102E6}
		{1F754475-C4FE-47A2-A48A-2BE9D81EA1C8} = {BCFF1C93-77D2-462C-8EBB-78C5E5192E59}
		{1A1C9044-2177-4671-AFAF-49FCA8EF34EA} = {4D162BDC-5FE5-4257-8190-84680605023B}
		{E91F5721-1C71-47ED-B089-9A0017587ED9} = {4D162BDC-5FE5-4257-8190-84680605023B}
		{A6924186-98FE-4703-9E6E-90F380EDFD7C} = {BCFF1C93-77D2-462C-8EBB-78C5E5192E59}
		{F4D799D1-67B4-465A-8DF5-B680C2780005} = {BCFF1C93-77D2-462C-8EBB-78C5E5192E59}
		{55694C0A-0BB9-4BAD-BCF7-B9D4E060979B} = {ADD3FF90-5765-4754-A298-B0059580F2C6}
		{1B8412B1-EA44-4250-941F-69342512832D} = {80B59E83-5937-442C-B633-DF1EE2A64F7D}
		{A580B38B-9E08-49B8-9D82-247EFD171D48} = {BCFF1C93-77D2-462C-8EBB-78C5E5192E59}
		{F33C9C35-5559-4250-B69A-6510AE583BB4} = {80B59E83-5937-442C-B633-DF1EE2A64F7D}
		{80B59E83-5937-442C-B633-DF1EE2A64F7D} = {BCFF1C93-77D2-462C-8EBB-78C5E5192E59}
		{A45C139E-7765-4418-966B-C76C57A6C8D8} = {ADD3FF90-5765-4754-A298-B0059580F2C6}
		{A554D9C8-5128-4CA0-AA67-298B20E869F4} = {ADD3FF90-5765-4754-A298-B0059580F2C6}
		{92A204A4-CF21-478C-BB8F-71260CCF545F} = {6B03E131-9807-4DAD-ADB8-2493A0E102E6}
		{95EDC075-BF8C-4B96-85DB-E389BDB8CA11} = {6B03E131-9807-4DAD-ADB8-2493A0E102E6}
		{B0CB4DD0-738A-4051-9A41-03F4D2966941} = {ADD3FF90-5765-4754-A298-B0059580F2C6}
		{CE2F5058-FE9B-47FC-AC31-F1B9390146B1} = {ADD3FF90-5765-4754-A298-B0059580F2C6}
		{5D27FDA5-5A99-4AF1-840F-FF8663F607D5} = {ADD3FF90-5765-4754-A298-B0059580F2C6}
		{3585C123-C08E-4DF9-913B-2361B6C2998F} = {ADD3FF90-5765-4754-A298-B0059580F2C6}
	EndGlobalSection
	GlobalSection(ExtensibilityGlobals) = postSolution
		SolutionGuid = {EF7B9E10-6609-4FED-A5AB-AB3BC5517713}
	EndGlobalSection
EndGlobal
