
Microsoft Visual Studio Solution File, Format Version 12.00
# Visual Studio 15
VisualStudioVersion = 15.0.27703.2026
MinimumVisualStudioVersion = 10.0.40219.1
Project("{9A19103F-16F7-4668-BE54-9A1E7A4F7556}") = "fx.Domain.core", "fx.Domain.core\fx.Domain.core.csproj", "{EA4476F7-AF96-46E6-8C9B-F8FF47195982}"
EndProject
Project("{2150E333-8FDC-42A3-9474-1A3956D46DE8}") = "Infrastructure", "Infrastructure", "{BCFF1C93-77D2-462C-8EBB-78C5E5192E59}"
EndProject
Project("{2150E333-8FDC-42A3-9474-1A3956D46DE8}") = "miroservices - webapi", "miroservices - webapi", "{ADD3FF90-5765-4754-A298-B0059580F2C6}"
EndProject
Project("{9A19103F-16F7-4668-BE54-9A1E7A4F7556}") = "fx.api.Authentication", "fx.api.Authentication\fx.api.Authentication.csproj", "{03523D2B-5203-4474-BF88-9139534F3D8B}"
EndProject
Project("{9A19103F-16F7-4668-BE54-9A1E7A4F7556}") = "fx.Domain.Customer", "fx.Domian.Customer\fx.Domain.Customer.csproj", "{93050740-477A-4E6D-B52B-F6D326B9C49D}"
EndProject
Project("{FAE04EC0-301F-11D3-BF4B-00C04F79EFBC}") = "fx.Infra.Data", "..\fx.Infra.Data\fx.Infra.Data.csproj", "{1E173F6F-923A-4720-815A-E6F9F71190CB}"
EndProject
Project("{FAE04EC0-301F-11D3-BF4B-00C04F79EFBC}") = "fx.Domain", "fx.Domain\fx.Domain.csproj", "{5445268C-5C05-4E9D-AA07-3AD63C2136D9}"
EndProject
Global
	GlobalSection(SolutionConfigurationPlatforms) = preSolution
		Debug|Any CPU = Debug|Any CPU
		Release|Any CPU = Release|Any CPU
	EndGlobalSection
	GlobalSection(ProjectConfigurationPlatforms) = postSolution
		{EA4476F7-AF96-46E6-8C9B-F8FF47195982}.Debug|Any CPU.ActiveCfg = Debug|Any CPU
		{EA4476F7-AF96-46E6-8C9B-F8FF47195982}.Debug|Any CPU.Build.0 = Debug|Any CPU
		{EA4476F7-AF96-46E6-8C9B-F8FF47195982}.Release|Any CPU.ActiveCfg = Release|Any CPU
		{EA4476F7-AF96-46E6-8C9B-F8FF47195982}.Release|Any CPU.Build.0 = Release|Any CPU
		{03523D2B-5203-4474-BF88-9139534F3D8B}.Debug|Any CPU.ActiveCfg = Debug|Any CPU
		{03523D2B-5203-4474-BF88-9139534F3D8B}.Debug|Any CPU.Build.0 = Debug|Any CPU
		{03523D2B-5203-4474-BF88-9139534F3D8B}.Release|Any CPU.ActiveCfg = Release|Any CPU
		{03523D2B-5203-4474-BF88-9139534F3D8B}.Release|Any CPU.Build.0 = Release|Any CPU
		{93050740-477A-4E6D-B52B-F6D326B9C49D}.Debug|Any CPU.ActiveCfg = Debug|Any CPU
		{93050740-477A-4E6D-B52B-F6D326B9C49D}.Debug|Any CPU.Build.0 = Debug|Any CPU
		{93050740-477A-4E6D-B52B-F6D326B9C49D}.Release|Any CPU.ActiveCfg = Release|Any CPU
		{93050740-477A-4E6D-B52B-F6D326B9C49D}.Release|Any CPU.Build.0 = Release|Any CPU
		{1E173F6F-923A-4720-815A-E6F9F71190CB}.Debug|Any CPU.ActiveCfg = Debug|Any CPU
		{1E173F6F-923A-4720-815A-E6F9F71190CB}.Debug|Any CPU.Build.0 = Debug|Any CPU
		{1E173F6F-923A-4720-815A-E6F9F71190CB}.Release|Any CPU.ActiveCfg = Release|Any CPU
		{1E173F6F-923A-4720-815A-E6F9F71190CB}.Release|Any CPU.Build.0 = Release|Any CPU
		{5445268C-5C05-4E9D-AA07-3AD63C2136D9}.Debug|Any CPU.ActiveCfg = Debug|Any CPU
		{5445268C-5C05-4E9D-AA07-3AD63C2136D9}.Debug|Any CPU.Build.0 = Debug|Any CPU
		{5445268C-5C05-4E9D-AA07-3AD63C2136D9}.Release|Any CPU.ActiveCfg = Release|Any CPU
		{5445268C-5C05-4E9D-AA07-3AD63C2136D9}.Release|Any CPU.Build.0 = Release|Any CPU
	EndGlobalSection
	GlobalSection(SolutionProperties) = preSolution
		HideSolutionNode = FALSE
	EndGlobalSection
	GlobalSection(NestedProjects) = preSolution
		{EA4476F7-AF96-46E6-8C9B-F8FF47195982} = {BCFF1C93-77D2-462C-8EBB-78C5E5192E59}
		{03523D2B-5203-4474-BF88-9139534F3D8B} = {ADD3FF90-5765-4754-A298-B0059580F2C6}
		{93050740-477A-4E6D-B52B-F6D326B9C49D} = {BCFF1C93-77D2-462C-8EBB-78C5E5192E59}
		{1E173F6F-923A-4720-815A-E6F9F71190CB} = {BCFF1C93-77D2-462C-8EBB-78C5E5192E59}
		{5445268C-5C05-4E9D-AA07-3AD63C2136D9} = {BCFF1C93-77D2-462C-8EBB-78C5E5192E59}
	EndGlobalSection
	GlobalSection(ExtensibilityGlobals) = postSolution
		SolutionGuid = {EF7B9E10-6609-4FED-A5AB-AB3BC5517713}
	EndGlobalSection
EndGlobal
